
Microsoft Visual Studio Solution File, Format Version 12.00
# Visual Studio Version 17
VisualStudioVersion = 17.9.34607.119
MinimumVisualStudioVersion = 10.0.40219.1
Project("{FAE04EC0-301F-11D3-BF4B-00C04F79EFBC}") = "Ejercicio36_POO_Vet", "Ejercicio36_POO_Vet.csproj", "{0122335F-22B6-4F23-A40F-CE99BEC9BB71}"
EndProject
Global
	GlobalSection(SolutionConfigurationPlatforms) = preSolution
		Debug|Any CPU = Debug|Any CPU
		Release|Any CPU = Release|Any CPU
	EndGlobalSection
	GlobalSection(ProjectConfigurationPlatforms) = postSolution
		{0122335F-22B6-4F23-A40F-CE99BEC9BB71}.Debug|Any CPU.ActiveCfg = Debug|Any CPU
		{0122335F-22B6-4F23-A40F-CE99BEC9BB71}.Debug|Any CPU.Build.0 = Debug|Any CPU
		{0122335F-22B6-4F23-A40F-CE99BEC9BB71}.Release|Any CPU.ActiveCfg = Release|Any CPU
		{0122335F-22B6-4F23-A40F-CE99BEC9BB71}.Release|Any CPU.Build.0 = Release|Any CPU
	EndGlobalSection
	GlobalSection(SolutionProperties) = preSolution
		HideSolutionNode = FALSE
	EndGlobalSection
	GlobalSection(ExtensibilityGlobals) = postSolution
		SolutionGuid = {DB27CFD8-5726-4FE6-BBF9-70DF35196970}
	EndGlobalSection
EndGlobal
